
Microsoft Visual Studio Solution File, Format Version 12.00
# Visual Studio Version 17
VisualStudioVersion = 17.0.31903.59
MinimumVisualStudioVersion = 10.0.40219.1
Project("{FAE04EC0-301F-11D3-BF4B-00C04F79EFBC}") = "SmoothOperator", "SmoothOperator\SmoothOperator.csproj", "{9A9A42CD-DF18-4D02-B880-F09AE44697BA}"
EndProject
Project("{FAE04EC0-301F-11D3-BF4B-00C04F79EFBC}") = "VariousOperators", "VariousOperators\VariousOperators.csproj", "{A05148BE-B207-4670-9304-E0E70778BEAE}"
EndProject
Project("{FAE04EC0-301F-11D3-BF4B-00C04F79EFBC}") = "Cilindro", "Cilindro\Cilindro.csproj", "{2F1DA4CC-854C-49B5-80E3-B496815E061E}"
EndProject
Global
	GlobalSection(SolutionConfigurationPlatforms) = preSolution
		Debug|Any CPU = Debug|Any CPU
		Release|Any CPU = Release|Any CPU
	EndGlobalSection
	GlobalSection(SolutionProperties) = preSolution
		HideSolutionNode = FALSE
	EndGlobalSection
	GlobalSection(ProjectConfigurationPlatforms) = postSolution
		{9A9A42CD-DF18-4D02-B880-F09AE44697BA}.Debug|Any CPU.ActiveCfg = Debug|Any CPU
		{9A9A42CD-DF18-4D02-B880-F09AE44697BA}.Debug|Any CPU.Build.0 = Debug|Any CPU
		{9A9A42CD-DF18-4D02-B880-F09AE44697BA}.Release|Any CPU.ActiveCfg = Release|Any CPU
		{9A9A42CD-DF18-4D02-B880-F09AE44697BA}.Release|Any CPU.Build.0 = Release|Any CPU
		{A05148BE-B207-4670-9304-E0E70778BEAE}.Debug|Any CPU.ActiveCfg = Debug|Any CPU
		{A05148BE-B207-4670-9304-E0E70778BEAE}.Debug|Any CPU.Build.0 = Debug|Any CPU
		{A05148BE-B207-4670-9304-E0E70778BEAE}.Release|Any CPU.ActiveCfg = Release|Any CPU
		{A05148BE-B207-4670-9304-E0E70778BEAE}.Release|Any CPU.Build.0 = Release|Any CPU
		{2F1DA4CC-854C-49B5-80E3-B496815E061E}.Debug|Any CPU.ActiveCfg = Debug|Any CPU
		{2F1DA4CC-854C-49B5-80E3-B496815E061E}.Debug|Any CPU.Build.0 = Debug|Any CPU
		{2F1DA4CC-854C-49B5-80E3-B496815E061E}.Release|Any CPU.ActiveCfg = Release|Any CPU
		{2F1DA4CC-854C-49B5-80E3-B496815E061E}.Release|Any CPU.Build.0 = Release|Any CPU
	EndGlobalSection
EndGlobal
